// !$*UTF8*$!
{
	archiveVersion = 1;
	classes = {
	};
	objectVersion = 50;
	objects = {

/* Begin PBXBuildFile section */
		6A2760FF2351CDA800F029BB /* main.cpp in Sources */ = {isa = PBXBuildFile; fileRef = 6A2760FE2351CDA800F029BB /* main.cpp */; };
		6A2761042351CDC400F029BB /* lis.cpp in Sources */ = {isa = PBXBuildFile; fileRef = 6A2761032351CDC400F029BB /* lis.cpp */; };
		6A27610C2351DC4A00F029BB /* main.cpp in Sources */ = {isa = PBXBuildFile; fileRef = 6A27610B2351DC4A00F029BB /* main.cpp */; };
		6A2761132351DF1200F029BB /* gcd_lcm.cpp in Sources */ = {isa = PBXBuildFile; fileRef = 6A2761122351DF1200F029BB /* gcd_lcm.cpp */; };
		6A2761152351E02E00F029BB /* factorization.cpp in Sources */ = {isa = PBXBuildFile; fileRef = 6A2761142351E02E00F029BB /* factorization.cpp */; };
		6A2761162351E45000F029BB /* sieve_of_eratosthenes.cpp in Sources */ = {isa = PBXBuildFile; fileRef = 6A1CC697234CCCD80004AF9A /* sieve_of_eratosthenes.cpp */; };
		6A69BFA72354CDF500BBE616 /* dijkstra.cpp in Sources */ = {isa = PBXBuildFile; fileRef = 6A69BFA62354CDF500BBE616 /* dijkstra.cpp */; };
		6A69BFA92354E8DE00BBE616 /* floyd_warshall.cpp in Sources */ = {isa = PBXBuildFile; fileRef = 6A69BFA82354E8DE00BBE616 /* floyd_warshall.cpp */; };
		6A69BFAB235AEFB200BBE616 /* mst.cpp in Sources */ = {isa = PBXBuildFile; fileRef = 6A69BFAA235AEFB200BBE616 /* mst.cpp */; };
		6A69BFB8235E053200BBE616 /* segment_tree.cpp in Sources */ = {isa = PBXBuildFile; fileRef = 6A69BFB7235E053200BBE616 /* segment_tree.cpp */; };
		6A69BFBA2364B47C00BBE616 /* unit_test.cpp in Sources */ = {isa = PBXBuildFile; fileRef = 6A69BFB92364B47C00BBE616 /* unit_test.cpp */; };
		6A69BFBF2365D5B300BBE616 /* heap.cpp in Sources */ = {isa = PBXBuildFile; fileRef = 6A69BFBD2365D5B300BBE616 /* heap.cpp */; };
		6A69BFC12365E21E00BBE616 /* sort.cpp in Sources */ = {isa = PBXBuildFile; fileRef = 6A69BFC02365E21E00BBE616 /* sort.cpp */; };
		6A69BFC62365FADA00BBE616 /* unit_test.cpp in Sources */ = {isa = PBXBuildFile; fileRef = 6A69BFC52365FADA00BBE616 /* unit_test.cpp */; };
		6A69BFCC23660AFB00BBE616 /* disjoint_ds.cpp in Sources */ = {isa = PBXBuildFile; fileRef = 6A69BFCA23660AFB00BBE616 /* disjoint_ds.cpp */; };
		6A69BFD02366284A00BBE616 /* heap.cpp in Sources */ = {isa = PBXBuildFile; fileRef = 6A69BFBD2365D5B300BBE616 /* heap.cpp */; };
		6A69BFD223662BC100BBE616 /* graph_tests.cpp in Sources */ = {isa = PBXBuildFile; fileRef = 6A69BFD123662BC100BBE616 /* graph_tests.cpp */; };
		6A69BFD42366BD3E00BBE616 /* bfs_dfs.cpp in Sources */ = {isa = PBXBuildFile; fileRef = 6A69BFD32366BD3E00BBE616 /* bfs_dfs.cpp */; };
		6A69BFD52366E28F00BBE616 /* disjoint_ds.cpp in Sources */ = {isa = PBXBuildFile; fileRef = 6A69BFCA23660AFB00BBE616 /* disjoint_ds.cpp */; };
		6A69BFD7236ABE4400BBE616 /* trie.cpp in Sources */ = {isa = PBXBuildFile; fileRef = 6A69BFD6236ABE4400BBE616 /* trie.cpp */; };
		6A69BFDA236B0ADA00BBE616 /* fenwick_tree.cpp in Sources */ = {isa = PBXBuildFile; fileRef = 6A69BFD9236B0ADA00BBE616 /* fenwick_tree.cpp */; };
		6AA2221C234E468600C77A13 /* topological_sort.cpp in Sources */ = {isa = PBXBuildFile; fileRef = 6AA2221B234E468600C77A13 /* topological_sort.cpp */; };
/* End PBXBuildFile section */

/* Begin PBXCopyFilesBuildPhase section */
		6A1CC69B234CCFE20004AF9A /* CopyFiles */ = {
			isa = PBXCopyFilesBuildPhase;
			buildActionMask = 2147483647;
			dstPath = /usr/share/man/man1/;
			dstSubfolderSpec = 0;
			files = (
			);
			runOnlyForDeploymentPostprocessing = 1;
		};
		6A2760FA2351CDA800F029BB /* CopyFiles */ = {
			isa = PBXCopyFilesBuildPhase;
			buildActionMask = 2147483647;
			dstPath = /usr/share/man/man1/;
			dstSubfolderSpec = 0;
			files = (
			);
			runOnlyForDeploymentPostprocessing = 1;
		};
		6A2761072351DC4A00F029BB /* CopyFiles */ = {
			isa = PBXCopyFilesBuildPhase;
			buildActionMask = 2147483647;
			dstPath = /usr/share/man/man1/;
			dstSubfolderSpec = 0;
			files = (
			);
			runOnlyForDeploymentPostprocessing = 1;
		};
		6A69BFAE235E051600BBE616 /* CopyFiles */ = {
			isa = PBXCopyFilesBuildPhase;
			buildActionMask = 2147483647;
			dstPath = /usr/share/man/man1/;
			dstSubfolderSpec = 0;
			files = (
			);
			runOnlyForDeploymentPostprocessing = 1;
		};
		6AA2220B234E359F00C77A13 /* CopyFiles */ = {
			isa = PBXCopyFilesBuildPhase;
			buildActionMask = 2147483647;
			dstPath = /usr/share/man/man1/;
			dstSubfolderSpec = 0;
			files = (
			);
			runOnlyForDeploymentPostprocessing = 1;
		};
/* End PBXCopyFilesBuildPhase section */

/* Begin PBXFileReference section */
		6A1CC697234CCCD80004AF9A /* sieve_of_eratosthenes.cpp */ = {isa = PBXFileReference; lastKnownFileType = sourcecode.cpp.cpp; name = sieve_of_eratosthenes.cpp; path = ../sieve_of_eratosthenes/sieve_of_eratosthenes.cpp; sourceTree = "<group>"; };
		6A1CC69D234CCFE20004AF9A /* sorting */ = {isa = PBXFileReference; explicitFileType = "compiled.mach-o.executable"; includeInIndex = 0; path = sorting; sourceTree = BUILT_PRODUCTS_DIR; };
		6A2760FC2351CDA800F029BB /* dynamic_programming */ = {isa = PBXFileReference; explicitFileType = "compiled.mach-o.executable"; includeInIndex = 0; path = dynamic_programming; sourceTree = BUILT_PRODUCTS_DIR; };
		6A2760FE2351CDA800F029BB /* main.cpp */ = {isa = PBXFileReference; lastKnownFileType = sourcecode.cpp.cpp; path = main.cpp; sourceTree = "<group>"; };
		6A2761032351CDC400F029BB /* lis.cpp */ = {isa = PBXFileReference; lastKnownFileType = sourcecode.cpp.cpp; path = lis.cpp; sourceTree = "<group>"; };
		6A2761092351DC4A00F029BB /* math */ = {isa = PBXFileReference; explicitFileType = "compiled.mach-o.executable"; includeInIndex = 0; path = math; sourceTree = BUILT_PRODUCTS_DIR; };
		6A27610B2351DC4A00F029BB /* main.cpp */ = {isa = PBXFileReference; lastKnownFileType = sourcecode.cpp.cpp; path = main.cpp; sourceTree = "<group>"; };
		6A2761122351DF1200F029BB /* gcd_lcm.cpp */ = {isa = PBXFileReference; lastKnownFileType = sourcecode.cpp.cpp; path = gcd_lcm.cpp; sourceTree = "<group>"; };
		6A2761142351E02E00F029BB /* factorization.cpp */ = {isa = PBXFileReference; lastKnownFileType = sourcecode.cpp.cpp; path = factorization.cpp; sourceTree = "<group>"; };
		6A69BFA62354CDF500BBE616 /* dijkstra.cpp */ = {isa = PBXFileReference; lastKnownFileType = sourcecode.cpp.cpp; path = dijkstra.cpp; sourceTree = "<group>"; };
		6A69BFA82354E8DE00BBE616 /* floyd_warshall.cpp */ = {isa = PBXFileReference; lastKnownFileType = sourcecode.cpp.cpp; path = floyd_warshall.cpp; sourceTree = "<group>"; };
		6A69BFAA235AEFB200BBE616 /* mst.cpp */ = {isa = PBXFileReference; lastKnownFileType = sourcecode.cpp.cpp; path = mst.cpp; sourceTree = "<group>"; };
		6A69BFB0235E051600BBE616 /* data_structures */ = {isa = PBXFileReference; explicitFileType = "compiled.mach-o.executable"; includeInIndex = 0; path = data_structures; sourceTree = BUILT_PRODUCTS_DIR; };
		6A69BFB7235E053200BBE616 /* segment_tree.cpp */ = {isa = PBXFileReference; lastKnownFileType = sourcecode.cpp.cpp; path = segment_tree.cpp; sourceTree = "<group>"; };
		6A69BFB92364B47C00BBE616 /* unit_test.cpp */ = {isa = PBXFileReference; lastKnownFileType = sourcecode.cpp.cpp; path = unit_test.cpp; sourceTree = "<group>"; };
		6A69BFBD2365D5B300BBE616 /* heap.cpp */ = {isa = PBXFileReference; lastKnownFileType = sourcecode.cpp.cpp; path = heap.cpp; sourceTree = "<group>"; };
		6A69BFC02365E21E00BBE616 /* sort.cpp */ = {isa = PBXFileReference; lastKnownFileType = sourcecode.cpp.cpp; path = sort.cpp; sourceTree = "<group>"; };
		6A69BFC52365FADA00BBE616 /* unit_test.cpp */ = {isa = PBXFileReference; lastKnownFileType = sourcecode.cpp.cpp; path = unit_test.cpp; sourceTree = "<group>"; };
		6A69BFC72365FC8200BBE616 /* catch.hpp */ = {isa = PBXFileReference; fileEncoding = 4; lastKnownFileType = sourcecode.cpp.h; name = catch.hpp; path = include/catch.hpp; sourceTree = "<group>"; };
		6A69BFC82365FC9A00BBE616 /* heap.hpp */ = {isa = PBXFileReference; fileEncoding = 4; lastKnownFileType = sourcecode.cpp.h; name = heap.hpp; path = include/data_structures/heap.hpp; sourceTree = "<group>"; };
		6A69BFC92365FC9A00BBE616 /* segment_tree.h */ = {isa = PBXFileReference; fileEncoding = 4; lastKnownFileType = sourcecode.c.h; name = segment_tree.h; path = include/data_structures/segment_tree.h; sourceTree = "<group>"; };
		6A69BFCA23660AFB00BBE616 /* disjoint_ds.cpp */ = {isa = PBXFileReference; lastKnownFileType = sourcecode.cpp.cpp; path = disjoint_ds.cpp; sourceTree = "<group>"; };
		6A69BFCF2366268600BBE616 /* disjoint_ds.hpp */ = {isa = PBXFileReference; fileEncoding = 4; lastKnownFileType = sourcecode.cpp.h; name = disjoint_ds.hpp; path = include/data_structures/disjoint_ds.hpp; sourceTree = "<group>"; };
		6A69BFD123662BC100BBE616 /* graph_tests.cpp */ = {isa = PBXFileReference; lastKnownFileType = sourcecode.cpp.cpp; path = graph_tests.cpp; sourceTree = "<group>"; };
		6A69BFD32366BD3E00BBE616 /* bfs_dfs.cpp */ = {isa = PBXFileReference; lastKnownFileType = sourcecode.cpp.cpp; path = bfs_dfs.cpp; sourceTree = "<group>"; };
		6A69BFD6236ABE4400BBE616 /* trie.cpp */ = {isa = PBXFileReference; lastKnownFileType = sourcecode.cpp.cpp; path = trie.cpp; sourceTree = "<group>"; };
		6A69BFD8236AC84B00BBE616 /* trie.hpp */ = {isa = PBXFileReference; lastKnownFileType = sourcecode.cpp.h; path = trie.hpp; sourceTree = "<group>"; };
		6A69BFD9236B0ADA00BBE616 /* fenwick_tree.cpp */ = {isa = PBXFileReference; lastKnownFileType = sourcecode.cpp.cpp; path = fenwick_tree.cpp; sourceTree = "<group>"; };
		6A69BFDB236B0AED00BBE616 /* fenwick_tree.hpp */ = {isa = PBXFileReference; lastKnownFileType = sourcecode.cpp.h; path = fenwick_tree.hpp; sourceTree = "<group>"; };
		6AA2220D234E359F00C77A13 /* graphs */ = {isa = PBXFileReference; explicitFileType = "compiled.mach-o.executable"; includeInIndex = 0; path = graphs; sourceTree = BUILT_PRODUCTS_DIR; };
		6AA22215234E35B600C77A13 /* graph.hpp */ = {isa = PBXFileReference; lastKnownFileType = sourcecode.cpp.h; path = graph.hpp; sourceTree = "<group>"; };
		6AA2221B234E468600C77A13 /* topological_sort.cpp */ = {isa = PBXFileReference; lastKnownFileType = sourcecode.cpp.cpp; path = topological_sort.cpp; sourceTree = "<group>"; };
/* End PBXFileReference section */

/* Begin PBXFrameworksBuildPhase section */
		6A1CC69A234CCFE20004AF9A /* Frameworks */ = {
			isa = PBXFrameworksBuildPhase;
			buildActionMask = 2147483647;
			files = (
			);
			runOnlyForDeploymentPostprocessing = 0;
		};
		6A2760F92351CDA800F029BB /* Frameworks */ = {
			isa = PBXFrameworksBuildPhase;
			buildActionMask = 2147483647;
			files = (
			);
			runOnlyForDeploymentPostprocessing = 0;
		};
		6A2761062351DC4A00F029BB /* Frameworks */ = {
			isa = PBXFrameworksBuildPhase;
			buildActionMask = 2147483647;
			files = (
			);
			runOnlyForDeploymentPostprocessing = 0;
		};
		6A69BFAD235E051600BBE616 /* Frameworks */ = {
			isa = PBXFrameworksBuildPhase;
			buildActionMask = 2147483647;
			files = (
			);
			runOnlyForDeploymentPostprocessing = 0;
		};
		6AA2220A234E359F00C77A13 /* Frameworks */ = {
			isa = PBXFrameworksBuildPhase;
			buildActionMask = 2147483647;
			files = (
			);
			runOnlyForDeploymentPostprocessing = 0;
		};
/* End PBXFrameworksBuildPhase section */

/* Begin PBXGroup section */
		6A1CC668234CC8BD0004AF9A = {
			isa = PBXGroup;
			children = (
				6A69BFC22365E22900BBE616 /* include */,
				6A1CC69E234CCFE20004AF9A /* sorting */,
				6AA2220E234E359F00C77A13 /* graphs */,
				6A2760FD2351CDA800F029BB /* dynamic_programming */,
				6A27610A2351DC4A00F029BB /* math */,
				6A69BFB1235E051600BBE616 /* data_structures */,
				6A1CC672234CC8BE0004AF9A /* Products */,
			);
			sourceTree = "<group>";
		};
		6A1CC672234CC8BE0004AF9A /* Products */ = {
			isa = PBXGroup;
			children = (
				6A1CC69D234CCFE20004AF9A /* sorting */,
				6AA2220D234E359F00C77A13 /* graphs */,
				6A2760FC2351CDA800F029BB /* dynamic_programming */,
				6A2761092351DC4A00F029BB /* math */,
				6A69BFB0235E051600BBE616 /* data_structures */,
			);
			name = Products;
			sourceTree = "<group>";
		};
		6A1CC69E234CCFE20004AF9A /* sorting */ = {
			isa = PBXGroup;
			children = (
				6A69BFC02365E21E00BBE616 /* sort.cpp */,
				6A69BFC52365FADA00BBE616 /* unit_test.cpp */,
			);
			path = sorting;
			sourceTree = "<group>";
		};
		6A2760FD2351CDA800F029BB /* dynamic_programming */ = {
			isa = PBXGroup;
			children = (
				6A2760FE2351CDA800F029BB /* main.cpp */,
				6A2761032351CDC400F029BB /* lis.cpp */,
			);
			path = dynamic_programming;
			sourceTree = "<group>";
		};
		6A27610A2351DC4A00F029BB /* math */ = {
			isa = PBXGroup;
			children = (
				6A1CC697234CCCD80004AF9A /* sieve_of_eratosthenes.cpp */,
				6A27610B2351DC4A00F029BB /* main.cpp */,
				6A2761122351DF1200F029BB /* gcd_lcm.cpp */,
				6A2761142351E02E00F029BB /* factorization.cpp */,
			);
			path = math;
			sourceTree = "<group>";
		};
		6A69BFB1235E051600BBE616 /* data_structures */ = {
			isa = PBXGroup;
			children = (
				6A69BFB7235E053200BBE616 /* segment_tree.cpp */,
				6A69BFB92364B47C00BBE616 /* unit_test.cpp */,
				6A69BFBD2365D5B300BBE616 /* heap.cpp */,
				6A69BFCA23660AFB00BBE616 /* disjoint_ds.cpp */,
				6A69BFD6236ABE4400BBE616 /* trie.cpp */,
				6A69BFD9236B0ADA00BBE616 /* fenwick_tree.cpp */,
			);
			path = data_structures;
			sourceTree = "<group>";
		};
		6A69BFC22365E22900BBE616 /* include */ = {
			isa = PBXGroup;
			children = (
				6A69BFC72365FC8200BBE616 /* catch.hpp */,
				6A69BFC42365F03700BBE616 /* data_strucutres */,
			);
			name = include;
			sourceTree = "<group>";
		};
		6A69BFC42365F03700BBE616 /* data_strucutres */ = {
			isa = PBXGroup;
			children = (
				6A69BFCF2366268600BBE616 /* disjoint_ds.hpp */,
				6A69BFC82365FC9A00BBE616 /* heap.hpp */,
				6A69BFC92365FC9A00BBE616 /* segment_tree.h */,
				6A69BFD8236AC84B00BBE616 /* trie.hpp */,
				6A69BFDB236B0AED00BBE616 /* fenwick_tree.hpp */,
			);
			name = data_strucutres;
			sourceTree = "<group>";
		};
		6AA2220E234E359F00C77A13 /* graphs */ = {
			isa = PBXGroup;
			children = (
				6AA22215234E35B600C77A13 /* graph.hpp */,
				6AA2221B234E468600C77A13 /* topological_sort.cpp */,
				6A69BFA62354CDF500BBE616 /* dijkstra.cpp */,
				6A69BFA82354E8DE00BBE616 /* floyd_warshall.cpp */,
				6A69BFAA235AEFB200BBE616 /* mst.cpp */,
				6A69BFD123662BC100BBE616 /* graph_tests.cpp */,
				6A69BFD32366BD3E00BBE616 /* bfs_dfs.cpp */,
			);
			path = graphs;
			sourceTree = "<group>";
		};
/* End PBXGroup section */

/* Begin PBXNativeTarget section */
		6A1CC69C234CCFE20004AF9A /* sorting */ = {
			isa = PBXNativeTarget;
			buildConfigurationList = 6A1CC6A1234CCFE20004AF9A /* Build configuration list for PBXNativeTarget "sorting" */;
			buildPhases = (
				6A1CC699234CCFE20004AF9A /* Sources */,
				6A1CC69A234CCFE20004AF9A /* Frameworks */,
				6A1CC69B234CCFE20004AF9A /* CopyFiles */,
			);
			buildRules = (
			);
			dependencies = (
			);
			name = sorting;
			productName = sorting;
			productReference = 6A1CC69D234CCFE20004AF9A /* sorting */;
			productType = "com.apple.product-type.tool";
		};
		6A2760FB2351CDA800F029BB /* dynamic_programming */ = {
			isa = PBXNativeTarget;
			buildConfigurationList = 6A2761002351CDA800F029BB /* Build configuration list for PBXNativeTarget "dynamic_programming" */;
			buildPhases = (
				6A2760F82351CDA800F029BB /* Sources */,
				6A2760F92351CDA800F029BB /* Frameworks */,
				6A2760FA2351CDA800F029BB /* CopyFiles */,
			);
			buildRules = (
			);
			dependencies = (
			);
			name = dynamic_programming;
			productName = dynamic_programming;
			productReference = 6A2760FC2351CDA800F029BB /* dynamic_programming */;
			productType = "com.apple.product-type.tool";
		};
		6A2761082351DC4A00F029BB /* math */ = {
			isa = PBXNativeTarget;
			buildConfigurationList = 6A27610D2351DC4A00F029BB /* Build configuration list for PBXNativeTarget "math" */;
			buildPhases = (
				6A2761052351DC4A00F029BB /* Sources */,
				6A2761062351DC4A00F029BB /* Frameworks */,
				6A2761072351DC4A00F029BB /* CopyFiles */,
			);
			buildRules = (
			);
			dependencies = (
			);
			name = math;
			productName = math;
			productReference = 6A2761092351DC4A00F029BB /* math */;
			productType = "com.apple.product-type.tool";
		};
		6A69BFAF235E051600BBE616 /* data_structures */ = {
			isa = PBXNativeTarget;
			buildConfigurationList = 6A69BFB4235E051600BBE616 /* Build configuration list for PBXNativeTarget "data_structures" */;
			buildPhases = (
				6A69BFAC235E051600BBE616 /* Sources */,
				6A69BFAD235E051600BBE616 /* Frameworks */,
				6A69BFAE235E051600BBE616 /* CopyFiles */,
			);
			buildRules = (
			);
			dependencies = (
			);
			name = data_structures;
			productName = data_structures;
			productReference = 6A69BFB0235E051600BBE616 /* data_structures */;
			productType = "com.apple.product-type.tool";
		};
		6AA2220C234E359F00C77A13 /* graphs */ = {
			isa = PBXNativeTarget;
			buildConfigurationList = 6AA22213234E359F00C77A13 /* Build configuration list for PBXNativeTarget "graphs" */;
			buildPhases = (
				6AA22209234E359F00C77A13 /* Sources */,
				6AA2220A234E359F00C77A13 /* Frameworks */,
				6AA2220B234E359F00C77A13 /* CopyFiles */,
			);
			buildRules = (
			);
			dependencies = (
			);
			name = graphs;
			productName = graphs;
			productReference = 6AA2220D234E359F00C77A13 /* graphs */;
			productType = "com.apple.product-type.tool";
		};
/* End PBXNativeTarget section */

/* Begin PBXProject section */
		6A1CC669234CC8BD0004AF9A /* Project object */ = {
			isa = PBXProject;
			attributes = {
				LastUpgradeCheck = 1110;
				ORGANIZATIONNAME = "Shashank Gupta";
				TargetAttributes = {
					6A1CC69C234CCFE20004AF9A = {
						CreatedOnToolsVersion = 11.1;
					};
					6A2760FB2351CDA800F029BB = {
						CreatedOnToolsVersion = 11.1;
					};
					6A2761082351DC4A00F029BB = {
						CreatedOnToolsVersion = 11.1;
					};
					6A69BFAF235E051600BBE616 = {
						CreatedOnToolsVersion = 11.1;
					};
					6AA2220C234E359F00C77A13 = {
						CreatedOnToolsVersion = 11.1;
					};
				};
			};
			buildConfigurationList = 6A1CC66C234CC8BD0004AF9A /* Build configuration list for PBXProject "algorithms" */;
			compatibilityVersion = "Xcode 9.3";
			developmentRegion = en;
			hasScannedForEncodings = 0;
			knownRegions = (
				en,
				Base,
			);
			mainGroup = 6A1CC668234CC8BD0004AF9A;
			productRefGroup = 6A1CC672234CC8BE0004AF9A /* Products */;
			projectDirPath = "";
			projectRoot = "";
			targets = (
				6A1CC69C234CCFE20004AF9A /* sorting */,
				6AA2220C234E359F00C77A13 /* graphs */,
				6A2760FB2351CDA800F029BB /* dynamic_programming */,
				6A2761082351DC4A00F029BB /* math */,
				6A69BFAF235E051600BBE616 /* data_structures */,
			);
		};
/* End PBXProject section */

/* Begin PBXSourcesBuildPhase section */
		6A1CC699234CCFE20004AF9A /* Sources */ = {
			isa = PBXSourcesBuildPhase;
			buildActionMask = 2147483647;
			files = (
				6A69BFC12365E21E00BBE616 /* sort.cpp in Sources */,
				6A69BFC62365FADA00BBE616 /* unit_test.cpp in Sources */,
				6A69BFD02366284A00BBE616 /* heap.cpp in Sources */,
			);
			runOnlyForDeploymentPostprocessing = 0;
		};
		6A2760F82351CDA800F029BB /* Sources */ = {
			isa = PBXSourcesBuildPhase;
			buildActionMask = 2147483647;
			files = (
				6A2761042351CDC400F029BB /* lis.cpp in Sources */,
				6A2760FF2351CDA800F029BB /* main.cpp in Sources */,
			);
			runOnlyForDeploymentPostprocessing = 0;
		};
		6A2761052351DC4A00F029BB /* Sources */ = {
			isa = PBXSourcesBuildPhase;
			buildActionMask = 2147483647;
			files = (
				6A2761132351DF1200F029BB /* gcd_lcm.cpp in Sources */,
				6A27610C2351DC4A00F029BB /* main.cpp in Sources */,
				6A2761162351E45000F029BB /* sieve_of_eratosthenes.cpp in Sources */,
				6A2761152351E02E00F029BB /* factorization.cpp in Sources */,
			);
			runOnlyForDeploymentPostprocessing = 0;
		};
		6A69BFAC235E051600BBE616 /* Sources */ = {
			isa = PBXSourcesBuildPhase;
			buildActionMask = 2147483647;
			files = (
				6A69BFB8235E053200BBE616 /* segment_tree.cpp in Sources */,
				6A69BFBA2364B47C00BBE616 /* unit_test.cpp in Sources */,
				6A69BFCC23660AFB00BBE616 /* disjoint_ds.cpp in Sources */,
				6A69BFDA236B0ADA00BBE616 /* fenwick_tree.cpp in Sources */,
				6A69BFD7236ABE4400BBE616 /* trie.cpp in Sources */,
				6A69BFBF2365D5B300BBE616 /* heap.cpp in Sources */,
			);
			runOnlyForDeploymentPostprocessing = 0;
		};
		6AA22209234E359F00C77A13 /* Sources */ = {
			isa = PBXSourcesBuildPhase;
			buildActionMask = 2147483647;
			files = (
				6A69BFD52366E28F00BBE616 /* disjoint_ds.cpp in Sources */,
				6A69BFA72354CDF500BBE616 /* dijkstra.cpp in Sources */,
				6AA2221C234E468600C77A13 /* topological_sort.cpp in Sources */,
				6A69BFD42366BD3E00BBE616 /* bfs_dfs.cpp in Sources */,
				6A69BFD223662BC100BBE616 /* graph_tests.cpp in Sources */,
				6A69BFAB235AEFB200BBE616 /* mst.cpp in Sources */,
				6A69BFA92354E8DE00BBE616 /* floyd_warshall.cpp in Sources */,
			);
			runOnlyForDeploymentPostprocessing = 0;
		};
/* End PBXSourcesBuildPhase section */

/* Begin XCBuildConfiguration section */
		6A1CC676234CC8BE0004AF9A /* Debug */ = {
			isa = XCBuildConfiguration;
			buildSettings = {
				ALWAYS_SEARCH_USER_PATHS = NO;
				CLANG_ANALYZER_NONNULL = YES;
				CLANG_ANALYZER_NUMBER_OBJECT_CONVERSION = YES_AGGRESSIVE;
				CLANG_CXX_LANGUAGE_STANDARD = "gnu++14";
				CLANG_CXX_LIBRARY = "libc++";
				CLANG_ENABLE_MODULES = YES;
				CLANG_ENABLE_OBJC_ARC = YES;
				CLANG_ENABLE_OBJC_WEAK = YES;
				CLANG_WARN_BLOCK_CAPTURE_AUTORELEASING = YES;
				CLANG_WARN_BOOL_CONVERSION = YES;
				CLANG_WARN_COMMA = YES;
				CLANG_WARN_CONSTANT_CONVERSION = YES;
				CLANG_WARN_DEPRECATED_OBJC_IMPLEMENTATIONS = YES;
				CLANG_WARN_DIRECT_OBJC_ISA_USAGE = YES_ERROR;
				CLANG_WARN_DOCUMENTATION_COMMENTS = YES;
				CLANG_WARN_EMPTY_BODY = YES;
				CLANG_WARN_ENUM_CONVERSION = YES;
				CLANG_WARN_INFINITE_RECURSION = YES;
				CLANG_WARN_INT_CONVERSION = YES;
				CLANG_WARN_NON_LITERAL_NULL_CONVERSION = YES;
				CLANG_WARN_OBJC_IMPLICIT_RETAIN_SELF = YES;
				CLANG_WARN_OBJC_LITERAL_CONVERSION = YES;
				CLANG_WARN_OBJC_ROOT_CLASS = YES_ERROR;
				CLANG_WARN_RANGE_LOOP_ANALYSIS = YES;
				CLANG_WARN_STRICT_PROTOTYPES = YES;
				CLANG_WARN_SUSPICIOUS_MOVE = YES;
				CLANG_WARN_UNGUARDED_AVAILABILITY = YES_AGGRESSIVE;
				CLANG_WARN_UNREACHABLE_CODE = YES;
				CLANG_WARN__DUPLICATE_METHOD_MATCH = YES;
				COPY_PHASE_STRIP = NO;
				DEBUG_INFORMATION_FORMAT = dwarf;
				ENABLE_STRICT_OBJC_MSGSEND = YES;
				ENABLE_TESTABILITY = YES;
				GCC_C_LANGUAGE_STANDARD = gnu11;
				GCC_DYNAMIC_NO_PIC = NO;
				GCC_NO_COMMON_BLOCKS = YES;
				GCC_OPTIMIZATION_LEVEL = 0;
				GCC_PREPROCESSOR_DEFINITIONS = (
					"DEBUG=1",
					"$(inherited)",
				);
				GCC_WARN_64_TO_32_BIT_CONVERSION = YES;
				GCC_WARN_ABOUT_RETURN_TYPE = YES_ERROR;
				GCC_WARN_UNDECLARED_SELECTOR = YES;
				GCC_WARN_UNINITIALIZED_AUTOS = YES_AGGRESSIVE;
				GCC_WARN_UNUSED_FUNCTION = YES;
				GCC_WARN_UNUSED_VARIABLE = YES;
				HEADER_SEARCH_PATHS = "$(SRC_ROOT)/include/**";
				MACOSX_DEPLOYMENT_TARGET = 10.14;
				MTL_ENABLE_DEBUG_INFO = INCLUDE_SOURCE;
				MTL_FAST_MATH = YES;
				ONLY_ACTIVE_ARCH = YES;
				SDKROOT = macosx;
			};
			name = Debug;
		};
		6A1CC677234CC8BE0004AF9A /* Release */ = {
			isa = XCBuildConfiguration;
			buildSettings = {
				ALWAYS_SEARCH_USER_PATHS = NO;
				CLANG_ANALYZER_NONNULL = YES;
				CLANG_ANALYZER_NUMBER_OBJECT_CONVERSION = YES_AGGRESSIVE;
				CLANG_CXX_LANGUAGE_STANDARD = "gnu++14";
				CLANG_CXX_LIBRARY = "libc++";
				CLANG_ENABLE_MODULES = YES;
				CLANG_ENABLE_OBJC_ARC = YES;
				CLANG_ENABLE_OBJC_WEAK = YES;
				CLANG_WARN_BLOCK_CAPTURE_AUTORELEASING = YES;
				CLANG_WARN_BOOL_CONVERSION = YES;
				CLANG_WARN_COMMA = YES;
				CLANG_WARN_CONSTANT_CONVERSION = YES;
				CLANG_WARN_DEPRECATED_OBJC_IMPLEMENTATIONS = YES;
				CLANG_WARN_DIRECT_OBJC_ISA_USAGE = YES_ERROR;
				CLANG_WARN_DOCUMENTATION_COMMENTS = YES;
				CLANG_WARN_EMPTY_BODY = YES;
				CLANG_WARN_ENUM_CONVERSION = YES;
				CLANG_WARN_INFINITE_RECURSION = YES;
				CLANG_WARN_INT_CONVERSION = YES;
				CLANG_WARN_NON_LITERAL_NULL_CONVERSION = YES;
				CLANG_WARN_OBJC_IMPLICIT_RETAIN_SELF = YES;
				CLANG_WARN_OBJC_LITERAL_CONVERSION = YES;
				CLANG_WARN_OBJC_ROOT_CLASS = YES_ERROR;
				CLANG_WARN_RANGE_LOOP_ANALYSIS = YES;
				CLANG_WARN_STRICT_PROTOTYPES = YES;
				CLANG_WARN_SUSPICIOUS_MOVE = YES;
				CLANG_WARN_UNGUARDED_AVAILABILITY = YES_AGGRESSIVE;
				CLANG_WARN_UNREACHABLE_CODE = YES;
				CLANG_WARN__DUPLICATE_METHOD_MATCH = YES;
				COPY_PHASE_STRIP = NO;
				DEBUG_INFORMATION_FORMAT = "dwarf-with-dsym";
				ENABLE_NS_ASSERTIONS = NO;
				ENABLE_STRICT_OBJC_MSGSEND = YES;
				GCC_C_LANGUAGE_STANDARD = gnu11;
				GCC_NO_COMMON_BLOCKS = YES;
				GCC_WARN_64_TO_32_BIT_CONVERSION = YES;
				GCC_WARN_ABOUT_RETURN_TYPE = YES_ERROR;
				GCC_WARN_UNDECLARED_SELECTOR = YES;
				GCC_WARN_UNINITIALIZED_AUTOS = YES_AGGRESSIVE;
				GCC_WARN_UNUSED_FUNCTION = YES;
				GCC_WARN_UNUSED_VARIABLE = YES;
				HEADER_SEARCH_PATHS = "$(SRC_ROOT)/include/**";
				MACOSX_DEPLOYMENT_TARGET = 10.14;
				MTL_ENABLE_DEBUG_INFO = NO;
				MTL_FAST_MATH = YES;
				SDKROOT = macosx;
			};
			name = Release;
		};
		6A1CC6A2234CCFE20004AF9A /* Debug */ = {
			isa = XCBuildConfiguration;
			buildSettings = {
				CODE_SIGN_STYLE = Automatic;
				PRODUCT_NAME = "$(TARGET_NAME)";
			};
			name = Debug;
		};
		6A1CC6A3234CCFE20004AF9A /* Release */ = {
			isa = XCBuildConfiguration;
			buildSettings = {
				CODE_SIGN_STYLE = Automatic;
				PRODUCT_NAME = "$(TARGET_NAME)";
			};
			name = Release;
		};
		6A2761012351CDA800F029BB /* Debug */ = {
			isa = XCBuildConfiguration;
			buildSettings = {
				CODE_SIGN_STYLE = Automatic;
				PRODUCT_NAME = "$(TARGET_NAME)";
			};
			name = Debug;
		};
		6A2761022351CDA800F029BB /* Release */ = {
			isa = XCBuildConfiguration;
			buildSettings = {
				CODE_SIGN_STYLE = Automatic;
				PRODUCT_NAME = "$(TARGET_NAME)";
			};
			name = Release;
		};
		6A27610E2351DC4A00F029BB /* Debug */ = {
			isa = XCBuildConfiguration;
			buildSettings = {
				CODE_SIGN_STYLE = Automatic;
				PRODUCT_NAME = "$(TARGET_NAME)";
			};
			name = Debug;
		};
		6A27610F2351DC4A00F029BB /* Release */ = {
			isa = XCBuildConfiguration;
			buildSettings = {
				CODE_SIGN_STYLE = Automatic;
				PRODUCT_NAME = "$(TARGET_NAME)";
			};
			name = Release;
		};
		6A69BFB5235E051600BBE616 /* Debug */ = {
			isa = XCBuildConfiguration;
			buildSettings = {
				CODE_SIGN_STYLE = Automatic;
				HEADER_SEARCH_PATHS = "$(SRC_ROOT)/include/**";
				PRODUCT_NAME = "$(TARGET_NAME)";
			};
			name = Debug;
		};
		6A69BFB6235E051600BBE616 /* Release */ = {
			isa = XCBuildConfiguration;
			buildSettings = {
				CODE_SIGN_STYLE = Automatic;
				HEADER_SEARCH_PATHS = "$(SRC_ROOT)/include/**";
				PRODUCT_NAME = "$(TARGET_NAME)";
			};
			name = Release;
		};
		6AA22211234E359F00C77A13 /* Debug */ = {
			isa = XCBuildConfiguration;
			buildSettings = {
				CODE_SIGN_STYLE = Automatic;
				PRODUCT_NAME = "$(TARGET_NAME)";
			};
			name = Debug;
		};
		6AA22212234E359F00C77A13 /* Release */ = {
			isa = XCBuildConfiguration;
			buildSettings = {
				CODE_SIGN_STYLE = Automatic;
				PRODUCT_NAME = "$(TARGET_NAME)";
			};
			name = Release;
		};
/* End XCBuildConfiguration section */

/* Begin XCConfigurationList section */
		6A1CC66C234CC8BD0004AF9A /* Build configuration list for PBXProject "algorithms" */ = {
			isa = XCConfigurationList;
			buildConfigurations = (
				6A1CC676234CC8BE0004AF9A /* Debug */,
				6A1CC677234CC8BE0004AF9A /* Release */,
			);
			defaultConfigurationIsVisible = 0;
			defaultConfigurationName = Release;
		};
		6A1CC6A1234CCFE20004AF9A /* Build configuration list for PBXNativeTarget "sorting" */ = {
			isa = XCConfigurationList;
			buildConfigurations = (
				6A1CC6A2234CCFE20004AF9A /* Debug */,
				6A1CC6A3234CCFE20004AF9A /* Release */,
			);
			defaultConfigurationIsVisible = 0;
			defaultConfigurationName = Release;
		};
		6A2761002351CDA800F029BB /* Build configuration list for PBXNativeTarget "dynamic_programming" */ = {
			isa = XCConfigurationList;
			buildConfigurations = (
				6A2761012351CDA800F029BB /* Debug */,
				6A2761022351CDA800F029BB /* Release */,
			);
			defaultConfigurationIsVisible = 0;
			defaultConfigurationName = Release;
		};
		6A27610D2351DC4A00F029BB /* Build configuration list for PBXNativeTarget "math" */ = {
			isa = XCConfigurationList;
			buildConfigurations = (
				6A27610E2351DC4A00F029BB /* Debug */,
				6A27610F2351DC4A00F029BB /* Release */,
			);
			defaultConfigurationIsVisible = 0;
			defaultConfigurationName = Release;
		};
		6A69BFB4235E051600BBE616 /* Build configuration list for PBXNativeTarget "data_structures" */ = {
			isa = XCConfigurationList;
			buildConfigurations = (
				6A69BFB5235E051600BBE616 /* Debug */,
				6A69BFB6235E051600BBE616 /* Release */,
			);
			defaultConfigurationIsVisible = 0;
			defaultConfigurationName = Release;
		};
		6AA22213234E359F00C77A13 /* Build configuration list for PBXNativeTarget "graphs" */ = {
			isa = XCConfigurationList;
			buildConfigurations = (
				6AA22211234E359F00C77A13 /* Debug */,
				6AA22212234E359F00C77A13 /* Release */,
			);
			defaultConfigurationIsVisible = 0;
			defaultConfigurationName = Release;
		};
/* End XCConfigurationList section */
	};
	rootObject = 6A1CC669234CC8BD0004AF9A /* Project object */;
}
